%{
  "file_system": {:hex, :file_system, "0.2.10", "fb082005a9cd1711c05b5248710f8826b02d7d1784e7c3451f9c1231d4fc162d", [:mix], [], "hexpm", "41195edbfb562a593726eda3b3e8b103a309b733ad25f3d642ba49696bf715dc"},
  "jason": {:hex, :jason, "1.4.0", "e855647bc964a44e2f67df589ccf49105ae039d4179db7f6271dfd3843dc27e6", [:mix], [{:decimal, "~> 1.0 or ~> 2.0", [hex: :decimal, repo: "hexpm", optional: true]}], "hexpm", "79a3791085b2a0f743ca04cec0f7be26443738779d09302e01318f97bdb82121"},
  "meck": {:hex, :meck, "0.9.2", "85ccbab053f1db86c7ca240e9fc718170ee5bda03810a6292b5306bf31bae5f5", [:rebar3], [], "hexpm", "81344f561357dc40a8344afa53767c32669153355b626ea9fcbc8da6b3045826"},
  "mix_test_watch": {:hex, :mix_test_watch, "1.1.0", "330bb91c8ed271fe408c42d07e0773340a7938d8a0d281d57a14243eae9dc8c3", [:mix], [{:file_system, "~> 0.2.1 or ~> 0.3", [hex: :file_system, repo: "hexpm", optional: false]}], "hexpm", "52b6b1c476cbb70fd899ca5394506482f12e5f6b0d6acff9df95c7f1e0812ec3"},
  "mock": {:hex, :mock, "0.3.7", "75b3bbf1466d7e486ea2052a73c6e062c6256fb429d6797999ab02fa32f29e03", [:mix], [{:meck, "~> 0.9.2", [hex: :meck, repo: "hexpm", optional: false]}], "hexpm", "4da49a4609e41fd99b7836945c26f373623ea968cfb6282742bcb94440cf7e5c"},
  "websockex": {:hex, :websockex, "0.4.3", "92b7905769c79c6480c02daacaca2ddd49de936d912976a4d3c923723b647bf0", [:mix], [], "hexpm", "95f2e7072b85a3a4cc385602d42115b73ce0b74a9121d0d6dbbf557645ac53e4"},
}
